
Microsoft Visual Studio Solution File, Format Version 12.00
# Visual Studio Version 17
VisualStudioVersion = 17.3.32804.467
MinimumVisualStudioVersion = 10.0.40219.1
Project("{FAE04EC0-301F-11D3-BF4B-00C04F79EFBC}") = "Contact.App", "Contact.App\Contact.App.csproj", "{8046DB00-0B23-40B6-B73F-DFC7D165140C}"
EndProject
Global
	GlobalSection(SolutionConfigurationPlatforms) = preSolution
		Debug|Any CPU = Debug|Any CPU
		Release|Any CPU = Release|Any CPU
	EndGlobalSection
	GlobalSection(ProjectConfigurationPlatforms) = postSolution
		{8046DB00-0B23-40B6-B73F-DFC7D165140C}.Debug|Any CPU.ActiveCfg = Debug|Any CPU
		{8046DB00-0B23-40B6-B73F-DFC7D165140C}.Debug|Any CPU.Build.0 = Debug|Any CPU
		{8046DB00-0B23-40B6-B73F-DFC7D165140C}.Release|Any CPU.ActiveCfg = Release|Any CPU
		{8046DB00-0B23-40B6-B73F-DFC7D165140C}.Release|Any CPU.Build.0 = Release|Any CPU
	EndGlobalSection
	GlobalSection(SolutionProperties) = preSolution
		HideSolutionNode = FALSE
	EndGlobalSection
	GlobalSection(ExtensibilityGlobals) = postSolution
		SolutionGuid = {6922117E-3B12-409D-85A0-6DD82DB5BFDE}
	EndGlobalSection
EndGlobal
